{
  "requires": true,
  "lockfileVersion": 1,
  "dependencies": {
    "@types/three": {
      "version": "0.92.3",
      "resolved": "https://registry.npmjs.org/@types/three/-/three-0.92.3.tgz",
      "integrity": "sha512-RT7EqflOK4XNoGZ7p76NgpW1sUZXamrL6r0OypZI243orZmsoSxRXPX6qPLCttagwhkWqV9EsnASEC/07X1bFA==",
      "requires": {
        "@types/webvr-api": "0.0.34"
      }
    },
    "@types/webvr-api": {
      "version": "0.0.34",
      "resolved": "https://registry.npmjs.org/@types/webvr-api/-/webvr-api-0.0.34.tgz",
      "integrity": "sha512-gVAPKK+L1blPJCFnUDmkIdRfIU8xbwl05MDXPRjnjoeDXUUzR6frPuyx9RQz+OCodmxlBcJOkjVTMTZi1BcuZw=="
    }
  }
}
